
Microsoft Visual Studio Solution File, Format Version 12.00
# Visual Studio Version 16
VisualStudioVersion = 16.0.29519.87
MinimumVisualStudioVersion = 10.0.40219.1
Project("{9A19103F-16F7-4668-BE54-9A1E7A4F7556}") = "MyProject7", "MyProject7\MyProject7.csproj", "{38CDB3DD-C442-452F-8C45-63D3823B19A2}"
EndProject
Project("{9A19103F-16F7-4668-BE54-9A1E7A4F7556}") = "MyProject8", "MyProject8\MyProject8.csproj", "{D83DE85A-1986-49AE-BEA1-CCC1B62150C2}"
EndProject
Project("{FAE04EC0-301F-11D3-BF4B-00C04F79EFBC}") = "MyProject9", "MyProject9\MyProject9.csproj", "{E4CA790F-AD89-43F9-9044-5A5AFE1D8D77}"
EndProject
Project("{FAE04EC0-301F-11D3-BF4B-00C04F79EFBC}") = "MyProject10", "MyProject10\MyProject10.csproj", "{118CC1BC-B994-4D95-96B7-D0D8F4DC509D}"
EndProject
Project("{FAE04EC0-301F-11D3-BF4B-00C04F79EFBC}") = "MyProject11", "MyProject11\MyProject11.csproj", "{A138063B-9B02-41FE-8F49-2270BF3DF7F0}"
EndProject
Global
	GlobalSection(SolutionConfigurationPlatforms) = preSolution
		Debug|Any CPU = Debug|Any CPU
		Release|Any CPU = Release|Any CPU
	EndGlobalSection
	GlobalSection(ProjectConfigurationPlatforms) = postSolution
		{38CDB3DD-C442-452F-8C45-63D3823B19A2}.Debug|Any CPU.ActiveCfg = Debug|Any CPU
		{38CDB3DD-C442-452F-8C45-63D3823B19A2}.Debug|Any CPU.Build.0 = Debug|Any CPU
		{38CDB3DD-C442-452F-8C45-63D3823B19A2}.Release|Any CPU.ActiveCfg = Release|Any CPU
		{38CDB3DD-C442-452F-8C45-63D3823B19A2}.Release|Any CPU.Build.0 = Release|Any CPU
		{D83DE85A-1986-49AE-BEA1-CCC1B62150C2}.Debug|Any CPU.ActiveCfg = Debug|Any CPU
		{D83DE85A-1986-49AE-BEA1-CCC1B62150C2}.Debug|Any CPU.Build.0 = Debug|Any CPU
		{D83DE85A-1986-49AE-BEA1-CCC1B62150C2}.Release|Any CPU.ActiveCfg = Release|Any CPU
		{D83DE85A-1986-49AE-BEA1-CCC1B62150C2}.Release|Any CPU.Build.0 = Release|Any CPU
		{E4CA790F-AD89-43F9-9044-5A5AFE1D8D77}.Debug|Any CPU.ActiveCfg = Debug|Any CPU
		{E4CA790F-AD89-43F9-9044-5A5AFE1D8D77}.Debug|Any CPU.Build.0 = Debug|Any CPU
		{E4CA790F-AD89-43F9-9044-5A5AFE1D8D77}.Release|Any CPU.ActiveCfg = Release|Any CPU
		{E4CA790F-AD89-43F9-9044-5A5AFE1D8D77}.Release|Any CPU.Build.0 = Release|Any CPU
		{118CC1BC-B994-4D95-96B7-D0D8F4DC509D}.Debug|Any CPU.ActiveCfg = Debug|Any CPU
		{118CC1BC-B994-4D95-96B7-D0D8F4DC509D}.Debug|Any CPU.Build.0 = Debug|Any CPU
		{118CC1BC-B994-4D95-96B7-D0D8F4DC509D}.Release|Any CPU.ActiveCfg = Release|Any CPU
		{118CC1BC-B994-4D95-96B7-D0D8F4DC509D}.Release|Any CPU.Build.0 = Release|Any CPU
		{A138063B-9B02-41FE-8F49-2270BF3DF7F0}.Debug|Any CPU.ActiveCfg = Debug|Any CPU
		{A138063B-9B02-41FE-8F49-2270BF3DF7F0}.Debug|Any CPU.Build.0 = Debug|Any CPU
		{A138063B-9B02-41FE-8F49-2270BF3DF7F0}.Release|Any CPU.ActiveCfg = Release|Any CPU
		{A138063B-9B02-41FE-8F49-2270BF3DF7F0}.Release|Any CPU.Build.0 = Release|Any CPU
	EndGlobalSection
	GlobalSection(SolutionProperties) = preSolution
		HideSolutionNode = FALSE
	EndGlobalSection
	GlobalSection(ExtensibilityGlobals) = postSolution
		SolutionGuid = {F5C2F5D2-8F6D-422F-A8D7-3CA8CFE6096E}
	EndGlobalSection
EndGlobal
